name: relock

on:
  workflow_dispatch: null
  issue_comment: null
  schedule:
    - cron: '15 * * * *'

concurrency: relock

jobs:
  relock:
    name: relock
    runs-on: "ubuntu-latest"
    steps:
      - uses: actions/checkout@11bd71901bbe5b1630ceea73d27597364c9af683 # v4.2.2

      - uses: conda-incubator/relock-conda@e7a56dba8c8a8793a04143ae317bd4d0c4e84adc # v17
        with:
          github-token: ${{ secrets.AUTOTICK_BOT_TOKEN }}
          automerge: true
          skip-if-pr-exists: true
