name: relock

on:
  workflow_dispatch: null
  schedule:
    - cron: '*/30 * * * *'

concurrency: relock

jobs:
  relock:
    name: relock
    runs-on: "ubuntu-latest"
    steps:
      - uses: actions/checkout@692973e3d937129bcbf40652eb9f2f61becf3332 # v4

      - uses: beckermr/relock-conda@42a320ed9e9dd880ae07ec31169ba174ebed08b3 # v2
        with:
          github-token: ${{ secrets.AUTOTICK_BOT_TOKEN }}
          automerge: true
          skip-if-pr-exists: true
